
Microsoft Visual Studio Solution File, Format Version 12.00
# Visual Studio Version 16
VisualStudioVersion = 16.0.29924.181
MinimumVisualStudioVersion = 15.0.26124.0
Project("{9A19103F-16F7-4668-BE54-9A1E7A4F7556}") = "IdentityProvider", "IdentityProvider\IdentityProvider.csproj", "{BC94B282-E0A1-41E6-AD5A-EADB374FBAC5}"
EndProject
Project("{9A19103F-16F7-4668-BE54-9A1E7A4F7556}") = "BlazorClient", "BlazorClient\BlazorClient.csproj", "{ED4426C1-2598-432B-91D0-654EAE091E79}"
EndProject
Project("{FAE04EC0-301F-11D3-BF4B-00C04F79EFBC}") = "WeatherApi", "weatherapi\WeatherApi.csproj", "{3CCFCC71-5C4D-4F8F-8EF3-63C585AA6700}"
EndProject
Global
	GlobalSection(SolutionConfigurationPlatforms) = preSolution
		Debug|Any CPU = Debug|Any CPU
		Debug|x64 = Debug|x64
		Debug|x86 = Debug|x86
		Release|Any CPU = Release|Any CPU
		Release|x64 = Release|x64
		Release|x86 = Release|x86
	EndGlobalSection
	GlobalSection(ProjectConfigurationPlatforms) = postSolution
		{BC94B282-E0A1-41E6-AD5A-EADB374FBAC5}.Debug|Any CPU.ActiveCfg = Debug|Any CPU
		{BC94B282-E0A1-41E6-AD5A-EADB374FBAC5}.Debug|Any CPU.Build.0 = Debug|Any CPU
		{BC94B282-E0A1-41E6-AD5A-EADB374FBAC5}.Debug|x64.ActiveCfg = Debug|Any CPU
		{BC94B282-E0A1-41E6-AD5A-EADB374FBAC5}.Debug|x64.Build.0 = Debug|Any CPU
		{BC94B282-E0A1-41E6-AD5A-EADB374FBAC5}.Debug|x86.ActiveCfg = Debug|Any CPU
		{BC94B282-E0A1-41E6-AD5A-EADB374FBAC5}.Debug|x86.Build.0 = Debug|Any CPU
		{BC94B282-E0A1-41E6-AD5A-EADB374FBAC5}.Release|Any CPU.ActiveCfg = Release|Any CPU
		{BC94B282-E0A1-41E6-AD5A-EADB374FBAC5}.Release|Any CPU.Build.0 = Release|Any CPU
		{BC94B282-E0A1-41E6-AD5A-EADB374FBAC5}.Release|x64.ActiveCfg = Release|Any CPU
		{BC94B282-E0A1-41E6-AD5A-EADB374FBAC5}.Release|x64.Build.0 = Release|Any CPU
		{BC94B282-E0A1-41E6-AD5A-EADB374FBAC5}.Release|x86.ActiveCfg = Release|Any CPU
		{BC94B282-E0A1-41E6-AD5A-EADB374FBAC5}.Release|x86.Build.0 = Release|Any CPU
		{ED4426C1-2598-432B-91D0-654EAE091E79}.Debug|Any CPU.ActiveCfg = Debug|Any CPU
		{ED4426C1-2598-432B-91D0-654EAE091E79}.Debug|Any CPU.Build.0 = Debug|Any CPU
		{ED4426C1-2598-432B-91D0-654EAE091E79}.Debug|x64.ActiveCfg = Debug|Any CPU
		{ED4426C1-2598-432B-91D0-654EAE091E79}.Debug|x64.Build.0 = Debug|Any CPU
		{ED4426C1-2598-432B-91D0-654EAE091E79}.Debug|x86.ActiveCfg = Debug|Any CPU
		{ED4426C1-2598-432B-91D0-654EAE091E79}.Debug|x86.Build.0 = Debug|Any CPU
		{ED4426C1-2598-432B-91D0-654EAE091E79}.Release|Any CPU.ActiveCfg = Release|Any CPU
		{ED4426C1-2598-432B-91D0-654EAE091E79}.Release|Any CPU.Build.0 = Release|Any CPU
		{ED4426C1-2598-432B-91D0-654EAE091E79}.Release|x64.ActiveCfg = Release|Any CPU
		{ED4426C1-2598-432B-91D0-654EAE091E79}.Release|x64.Build.0 = Release|Any CPU
		{ED4426C1-2598-432B-91D0-654EAE091E79}.Release|x86.ActiveCfg = Release|Any CPU
		{ED4426C1-2598-432B-91D0-654EAE091E79}.Release|x86.Build.0 = Release|Any CPU
		{3CCFCC71-5C4D-4F8F-8EF3-63C585AA6700}.Debug|Any CPU.ActiveCfg = Debug|Any CPU
		{3CCFCC71-5C4D-4F8F-8EF3-63C585AA6700}.Debug|Any CPU.Build.0 = Debug|Any CPU
		{3CCFCC71-5C4D-4F8F-8EF3-63C585AA6700}.Debug|x64.ActiveCfg = Debug|Any CPU
		{3CCFCC71-5C4D-4F8F-8EF3-63C585AA6700}.Debug|x64.Build.0 = Debug|Any CPU
		{3CCFCC71-5C4D-4F8F-8EF3-63C585AA6700}.Debug|x86.ActiveCfg = Debug|Any CPU
		{3CCFCC71-5C4D-4F8F-8EF3-63C585AA6700}.Debug|x86.Build.0 = Debug|Any CPU
		{3CCFCC71-5C4D-4F8F-8EF3-63C585AA6700}.Release|Any CPU.ActiveCfg = Release|Any CPU
		{3CCFCC71-5C4D-4F8F-8EF3-63C585AA6700}.Release|Any CPU.Build.0 = Release|Any CPU
		{3CCFCC71-5C4D-4F8F-8EF3-63C585AA6700}.Release|x64.ActiveCfg = Release|Any CPU
		{3CCFCC71-5C4D-4F8F-8EF3-63C585AA6700}.Release|x64.Build.0 = Release|Any CPU
		{3CCFCC71-5C4D-4F8F-8EF3-63C585AA6700}.Release|x86.ActiveCfg = Release|Any CPU
		{3CCFCC71-5C4D-4F8F-8EF3-63C585AA6700}.Release|x86.Build.0 = Release|Any CPU
	EndGlobalSection
	GlobalSection(SolutionProperties) = preSolution
		HideSolutionNode = FALSE
	EndGlobalSection
	GlobalSection(ExtensibilityGlobals) = postSolution
		SolutionGuid = {5710F0D4-02DE-4566-9859-7E375928CB8C}
	EndGlobalSection
EndGlobal
